PODS:
  - GoogleAPIClientForREST/Core (3.5.2):
    - GTMSessionFetcher/Full (< 4.0, >= 1.6.1)
  - GoogleAPIClientForREST/Drive (3.5.2):
    - GoogleAPIClientForREST/Core
    - GTMSessionFetcher/Full (< 4.0, >= 1.6.1)
  - GTMSessionFetcher/Core (3.4.1)
  - GTMSessionFetcher/Full (3.4.1):
    - GTMSessionFetcher/Core

DEPENDENCIES:
  - GoogleAPIClientForREST/Drive

SPEC REPOS:
  trunk:
    - GoogleAPIClientForREST
    - GTMSessionFetcher

SPEC CHECKSUMS:
  GoogleAPIClientForREST: c26bb42dfcdf32a397e90275edfa84e5c50aa3ec
  GTMSessionFetcher: 8000756fc1c19d2e5697b90311f7832d2e33f6cd

PODFILE CHECKSUM: fc3cf1c6bba41c27c673d3118620db962abc687b

COCOAPODS: 1.14.3
